
Microsoft Visual Studio Solution File, Format Version 12.00
# Visual Studio Version 17
VisualStudioVersion = 17.5.33530.505
MinimumVisualStudioVersion = 10.0.40219.1
Project("{FAE04EC0-301F-11D3-BF4B-00C04F79EFBC}") = "Full-Stack-Mercury-Maps", "Full-Stack-Mercury-Maps.csproj", "{D8912328-06D7-4C5F-AF2C-DC6C7CFBAFF6}"
EndProject
Global
	GlobalSection(SolutionConfigurationPlatforms) = preSolution
		Debug|Any CPU = Debug|Any CPU
		Release|Any CPU = Release|Any CPU
	EndGlobalSection
	GlobalSection(ProjectConfigurationPlatforms) = postSolution
		{D8912328-06D7-4C5F-AF2C-DC6C7CFBAFF6}.Debug|Any CPU.ActiveCfg = Debug|Any CPU
		{D8912328-06D7-4C5F-AF2C-DC6C7CFBAFF6}.Debug|Any CPU.Build.0 = Debug|Any CPU
		{D8912328-06D7-4C5F-AF2C-DC6C7CFBAFF6}.Release|Any CPU.ActiveCfg = Release|Any CPU
		{D8912328-06D7-4C5F-AF2C-DC6C7CFBAFF6}.Release|Any CPU.Build.0 = Release|Any CPU
	EndGlobalSection
	GlobalSection(SolutionProperties) = preSolution
		HideSolutionNode = FALSE
	EndGlobalSection
	GlobalSection(ExtensibilityGlobals) = postSolution
		SolutionGuid = {13300325-5FE5-40AB-813F-940B84C9ACAE}
	EndGlobalSection
EndGlobal
